
Microsoft Visual Studio Solution File, Format Version 12.00
# Visual Studio Version 16
VisualStudioVersion = 16.0.31005.135
MinimumVisualStudioVersion = 10.0.40219.1
Project("{FAE04EC0-301F-11D3-BF4B-00C04F79EFBC}") = "Modelo.App", "src\Modelo.App\Modelo.App.csproj", "{FF3448AA-EE03-4BC2-91D8-E02633B33367}"
EndProject
Project("{FAE04EC0-301F-11D3-BF4B-00C04F79EFBC}") = "Modelo.Business", "src\Modelo.Business\Modelo.Business.csproj", "{6E8E7931-0912-47E0-9BBC-9525E69836B7}"
EndProject
Project("{FAE04EC0-301F-11D3-BF4B-00C04F79EFBC}") = "Modelo.Data", "src\Modelo.Data\Modelo.Data.csproj", "{3BA7F367-D6A7-4EEC-BB90-9E1D03683042}"
EndProject
Global
	GlobalSection(SolutionConfigurationPlatforms) = preSolution
		Debug|Any CPU = Debug|Any CPU
		Release|Any CPU = Release|Any CPU
	EndGlobalSection
	GlobalSection(ProjectConfigurationPlatforms) = postSolution
		{FF3448AA-EE03-4BC2-91D8-E02633B33367}.Debug|Any CPU.ActiveCfg = Debug|Any CPU
		{FF3448AA-EE03-4BC2-91D8-E02633B33367}.Debug|Any CPU.Build.0 = Debug|Any CPU
		{FF3448AA-EE03-4BC2-91D8-E02633B33367}.Release|Any CPU.ActiveCfg = Release|Any CPU
		{FF3448AA-EE03-4BC2-91D8-E02633B33367}.Release|Any CPU.Build.0 = Release|Any CPU
		{6E8E7931-0912-47E0-9BBC-9525E69836B7}.Debug|Any CPU.ActiveCfg = Debug|Any CPU
		{6E8E7931-0912-47E0-9BBC-9525E69836B7}.Debug|Any CPU.Build.0 = Debug|Any CPU
		{6E8E7931-0912-47E0-9BBC-9525E69836B7}.Release|Any CPU.ActiveCfg = Release|Any CPU
		{6E8E7931-0912-47E0-9BBC-9525E69836B7}.Release|Any CPU.Build.0 = Release|Any CPU
		{3BA7F367-D6A7-4EEC-BB90-9E1D03683042}.Debug|Any CPU.ActiveCfg = Debug|Any CPU
		{3BA7F367-D6A7-4EEC-BB90-9E1D03683042}.Debug|Any CPU.Build.0 = Debug|Any CPU
		{3BA7F367-D6A7-4EEC-BB90-9E1D03683042}.Release|Any CPU.ActiveCfg = Release|Any CPU
		{3BA7F367-D6A7-4EEC-BB90-9E1D03683042}.Release|Any CPU.Build.0 = Release|Any CPU
	EndGlobalSection
	GlobalSection(SolutionProperties) = preSolution
		HideSolutionNode = FALSE
	EndGlobalSection
	GlobalSection(ExtensibilityGlobals) = postSolution
		SolutionGuid = {9EFBC8C0-3A84-45BD-BD6F-C61AD0E95495}
	EndGlobalSection
EndGlobal
